// !$*UTF8*$!
{
	archiveVersion = 1;
	classes = {
	};
	objectVersion = 46;
	objects = {

/* Begin PBXBuildFile section */
		B61D2C3F1AC472AC0038D5EC /* main.c in Sources */ = {isa = PBXBuildFile; fileRef = B61D2C3E1AC472AC0038D5EC /* main.c */; };
/* End PBXBuildFile section */

/* Begin PBXCopyFilesBuildPhase section */
		B61D2C391AC472AC0038D5EC /* CopyFiles */ = {
			isa = PBXCopyFilesBuildPhase;
			buildActionMask = 2147483647;
			dstPath = /usr/share/man/man1/;
			dstSubfolderSpec = 0;
			files = (
			);
			runOnlyForDeploymentPostprocessing = 1;
		};
/* End PBXCopyFilesBuildPhase section */

/* Begin PBXFileReference section */
		B61D2C3B1AC472AC0038D5EC /* numerical_integral3.c */ = {isa = PBXFileReference; explicitFileType = "compiled.mach-o.executable"; includeInIndex = 0; path = numerical_integral3.c; sourceTree = BUILT_PRODUCTS_DIR; };
		B61D2C3E1AC472AC0038D5EC /* main.c */ = {isa = PBXFileReference; lastKnownFileType = sourcecode.c.c; path = main.c; sourceTree = "<group>"; };
/* End PBXFileReference section */

/* Begin PBXFrameworksBuildPhase section */
		B61D2C381AC472AC0038D5EC /* Frameworks */ = {
			isa = PBXFrameworksBuildPhase;
			buildActionMask = 2147483647;
			files = (
			);
			runOnlyForDeploymentPostprocessing = 0;
		};
/* End PBXFrameworksBuildPhase section */

/* Begin PBXGroup section */
		B61D2C321AC472AC0038D5EC = {
			isa = PBXGroup;
			children = (
				B61D2C3D1AC472AC0038D5EC /* numerical_integral3.c */,
				B61D2C3C1AC472AC0038D5EC /* Products */,
			);
			sourceTree = "<group>";
		};
		B61D2C3C1AC472AC0038D5EC /* Products */ = {
			isa = PBXGroup;
			children = (
				B61D2C3B1AC472AC0038D5EC /* numerical_integral3.c */,
			);
			name = Products;
			sourceTree = "<group>";
		};
		B61D2C3D1AC472AC0038D5EC /* numerical_integral3.c */ = {
			isa = PBXGroup;
			children = (
				B61D2C3E1AC472AC0038D5EC /* main.c */,
			);
			path = numerical_integral3.c;
			sourceTree = "<group>";
		};
/* End PBXGroup section */

/* Begin PBXNativeTarget section */
		B61D2C3A1AC472AC0038D5EC /* numerical_integral3.c */ = {
			isa = PBXNativeTarget;
			buildConfigurationList = B61D2C421AC472AC0038D5EC /* Build configuration list for PBXNativeTarget "numerical_integral3.c" */;
			buildPhases = (
				B61D2C371AC472AC0038D5EC /* Sources */,
				B61D2C381AC472AC0038D5EC /* Frameworks */,
				B61D2C391AC472AC0038D5EC /* CopyFiles */,
			);
			buildRules = (
			);
			dependencies = (
			);
			name = numerical_integral3.c;
			productName = numerical_integral3.c;
			productReference = B61D2C3B1AC472AC0038D5EC /* numerical_integral3.c */;
			productType = "com.apple.product-type.tool";
		};
/* End PBXNativeTarget section */

/* Begin PBXProject section */
		B61D2C331AC472AC0038D5EC /* Project object */ = {
			isa = PBXProject;
			attributes = {
				LastUpgradeCheck = 0620;
				ORGANIZATIONNAME = wei;
				TargetAttributes = {
					B61D2C3A1AC472AC0038D5EC = {
						CreatedOnToolsVersion = 6.2;
					};
				};
			};
			buildConfigurationList = B61D2C361AC472AC0038D5EC /* Build configuration list for PBXProject "numerical_integral3.c" */;
			compatibilityVersion = "Xcode 3.2";
			developmentRegion = English;
			hasScannedForEncodings = 0;
			knownRegions = (
				en,
			);
			mainGroup = B61D2C321AC472AC0038D5EC;
			productRefGroup = B61D2C3C1AC472AC0038D5EC /* Products */;
			projectDirPath = "";
			projectRoot = "";
			targets = (
				B61D2C3A1AC472AC0038D5EC /* numerical_integral3.c */,
			);
		};
/* End PBXProject section */

/* Begin PBXSourcesBuildPhase section */
		B61D2C371AC472AC0038D5EC /* Sources */ = {
			isa = PBXSourcesBuildPhase;
			buildActionMask = 2147483647;
			files = (
				B61D2C3F1AC472AC0038D5EC /* main.c in Sources */,
			);
			runOnlyForDeploymentPostprocessing = 0;
		};
/* End PBXSourcesBuildPhase section */

/* Begin XCBuildConfiguration section */
		B61D2C401AC472AC0038D5EC /* Debug */ = {
			isa = XCBuildConfiguration;
			buildSettings = {
				ALWAYS_SEARCH_USER_PATHS = NO;
				CLANG_CXX_LANGUAGE_STANDARD = "gnu++0x";
				CLANG_CXX_LIBRARY = "libc++";
				CLANG_ENABLE_MODULES = YES;
				CLANG_ENABLE_OBJC_ARC = YES;
				CLANG_WARN_BOOL_CONVERSION = YES;
				CLANG_WARN_CONSTANT_CONVERSION = YES;
				CLANG_WARN_DIRECT_OBJC_ISA_USAGE = YES_ERROR;
				CLANG_WARN_EMPTY_BODY = YES;
				CLANG_WARN_ENUM_CONVERSION = YES;
				CLANG_WARN_INT_CONVERSION = YES;
				CLANG_WARN_OBJC_ROOT_CLASS = YES_ERROR;
				CLANG_WARN_UNREACHABLE_CODE = YES;
				CLANG_WARN__DUPLICATE_METHOD_MATCH = YES;
				COPY_PHASE_STRIP = NO;
				ENABLE_STRICT_OBJC_MSGSEND = YES;
				GCC_C_LANGUAGE_STANDARD = gnu99;
				GCC_DYNAMIC_NO_PIC = NO;
				GCC_OPTIMIZATION_LEVEL = 0;
				GCC_PREPROCESSOR_DEFINITIONS = (
					"DEBUG=1",
					"$(inherited)",
				);
				GCC_SYMBOLS_PRIVATE_EXTERN = NO;
				GCC_WARN_64_TO_32_BIT_CONVERSION = YES;
				GCC_WARN_ABOUT_RETURN_TYPE = YES_ERROR;
				GCC_WARN_UNDECLARED_SELECTOR = YES;
				GCC_WARN_UNINITIALIZED_AUTOS = YES_AGGRESSIVE;
				GCC_WARN_UNUSED_FUNCTION = YES;
				GCC_WARN_UNUSED_VARIABLE = YES;
				MACOSX_DEPLOYMENT_TARGET = 10.10;
				MTL_ENABLE_DEBUG_INFO = YES;
				ONLY_ACTIVE_ARCH = YES;
				SDKROOT = macosx;
			};
			name = Debug;
		};
		B61D2C411AC472AC0038D5EC /* Release */ = {
			isa = XCBuildConfiguration;
			buildSettings = {
				ALWAYS_SEARCH_USER_PATHS = NO;
				CLANG_CXX_LANGUAGE_STANDARD = "gnu++0x";
				CLANG_CXX_LIBRARY = "libc++";
				CLANG_ENABLE_MODULES = YES;
				CLANG_ENABLE_OBJC_ARC = YES;
				CLANG_WARN_BOOL_CONVERSION = YES;
				CLANG_WARN_CONSTANT_CONVERSION = YES;
				CLANG_WARN_DIRECT_OBJC_ISA_USAGE = YES_ERROR;
				CLANG_WARN_EMPTY_BODY = YES;
				CLANG_WARN_ENUM_CONVERSION = YES;
				CLANG_WARN_INT_CONVERSION = YES;
				CLANG_WARN_OBJC_ROOT_CLASS = YES_ERROR;
				CLANG_WARN_UNREACHABLE_CODE = YES;
				CLANG_WARN__DUPLICATE_METHOD_MATCH = YES;
				COPY_PHASE_STRIP = NO;
				DEBUG_INFORMATION_FORMAT = "dwarf-with-dsym";
				ENABLE_NS_ASSERTIONS = NO;
				ENABLE_STRICT_OBJC_MSGSEND = YES;
				GCC_C_LANGUAGE_STANDARD = gnu99;
				GCC_WARN_64_TO_32_BIT_CONVERSION = YES;
				GCC_WARN_ABOUT_RETURN_TYPE = YES_ERROR;
				GCC_WARN_UNDECLARED_SELECTOR = YES;
				GCC_WARN_UNINITIALIZED_AUTOS = YES_AGGRESSIVE;
				GCC_WARN_UNUSED_FUNCTION = YES;
				GCC_WARN_UNUSED_VARIABLE = YES;
				MACOSX_DEPLOYMENT_TARGET = 10.10;
				MTL_ENABLE_DEBUG_INFO = NO;
				SDKROOT = macosx;
			};
			name = Release;
		};
		B61D2C431AC472AC0038D5EC /* Debug */ = {
			isa = XCBuildConfiguration;
			buildSettings = {
				PRODUCT_NAME = "$(TARGET_NAME)";
			};
			name = Debug;
		};
		B61D2C441AC472AC0038D5EC /* Release */ = {
			isa = XCBuildConfiguration;
			buildSettings = {
				PRODUCT_NAME = "$(TARGET_NAME)";
			};
			name = Release;
		};
/* End XCBuildConfiguration section */

/* Begin XCConfigurationList section */
		B61D2C361AC472AC0038D5EC /* Build configuration list for PBXProject "numerical_integral3.c" */ = {
			isa = XCConfigurationList;
			buildConfigurations = (
				B61D2C401AC472AC0038D5EC /* Debug */,
				B61D2C411AC472AC0038D5EC /* Release */,
			);
			defaultConfigurationIsVisible = 0;
			defaultConfigurationName = Release;
		};
		B61D2C421AC472AC0038D5EC /* Build configuration list for PBXNativeTarget "numerical_integral3.c" */ = {
			isa = XCConfigurationList;
			buildConfigurations = (
				B61D2C431AC472AC0038D5EC /* Debug */,
				B61D2C441AC472AC0038D5EC /* Release */,
			);
			defaultConfigurationIsVisible = 0;
		};
/* End XCConfigurationList section */
	};
	rootObject = B61D2C331AC472AC0038D5EC /* Project object */;
}
